Microsoft Visual Studio Solution File, Format Version 12.00
# Visual Studio Version 17
VisualStudioVersion = 17.5.2.0
MinimumVisualStudioVersion = 10.0.40219.1
Project("{FAE04EC0-301F-11D3-BF4B-00C04F79EFBC}") = "Lista1_Exercicio2_Contagem", "Lista1_Exercicio2_Contagem.csproj", "{07405D74-11A9-6E5E-5BEE-325837E1F441}"
EndProject
Global
	GlobalSection(SolutionConfigurationPlatforms) = preSolution
		Debug|Any CPU = Debug|Any CPU
		Release|Any CPU = Release|Any CPU
	EndGlobalSection
	GlobalSection(ProjectConfigurationPlatforms) = postSolution
		{07405D74-11A9-6E5E-5BEE-325837E1F441}.Debug|Any CPU.ActiveCfg = Debug|Any CPU
		{07405D74-11A9-6E5E-5BEE-325837E1F441}.Debug|Any CPU.Build.0 = Debug|Any CPU
		{07405D74-11A9-6E5E-5BEE-325837E1F441}.Release|Any CPU.ActiveCfg = Release|Any CPU
		{07405D74-11A9-6E5E-5BEE-325837E1F441}.Release|Any CPU.Build.0 = Release|Any CPU
	EndGlobalSection
	GlobalSection(SolutionProperties) = preSolution
		HideSolutionNode = FALSE
	EndGlobalSection
	GlobalSection(ExtensibilityGlobals) = postSolution
		SolutionGuid = {43816987-4968-442F-B96E-4928F427E1E8}
	EndGlobalSection
EndGlobal
